
Microsoft Visual Studio Solution File, Format Version 12.00
# Visual Studio Version 16
VisualStudioVersion = 16.0.29709.97
MinimumVisualStudioVersion = 10.0.40219.1
Project("{FAE04EC0-301F-11D3-BF4B-00C04F79EFBC}") = "Tele3", "Tele3\Tele3.csproj", "{355741EB-F72A-4295-9811-33FEAAA7449D}"
EndProject
Global
	GlobalSection(SolutionConfigurationPlatforms) = preSolution
		Debug|Any CPU = Debug|Any CPU
		Release|Any CPU = Release|Any CPU
	EndGlobalSection
	GlobalSection(ProjectConfigurationPlatforms) = postSolution
		{355741EB-F72A-4295-9811-33FEAAA7449D}.Debug|Any CPU.ActiveCfg = Debug|Any CPU
		{355741EB-F72A-4295-9811-33FEAAA7449D}.Debug|Any CPU.Build.0 = Debug|Any CPU
		{355741EB-F72A-4295-9811-33FEAAA7449D}.Release|Any CPU.ActiveCfg = Release|Any CPU
		{355741EB-F72A-4295-9811-33FEAAA7449D}.Release|Any CPU.Build.0 = Release|Any CPU
	EndGlobalSection
	GlobalSection(SolutionProperties) = preSolution
		HideSolutionNode = FALSE
	EndGlobalSection
	GlobalSection(ExtensibilityGlobals) = postSolution
		SolutionGuid = {A14C246E-0FF0-447D-B0C9-F5BE5BC5F0BA}
	EndGlobalSection
EndGlobal
